
Microsoft Visual Studio Solution File, Format Version 12.00
# Visual Studio Version 17
VisualStudioVersion = 17.0.31903.59
MinimumVisualStudioVersion = 10.0.40219.1
Project("{9A19103F-16F7-4668-BE54-9A1E7A4F7556}") = "BackendAPI", "BackendAPI\BackendAPI.csproj", "{503DB416-0112-4E15-889C-2A4C7B52D128}"
EndProject
Project("{9A19103F-16F7-4668-BE54-9A1E7A4F7556}") = "DBTest", "DBTest\DBTest.csproj", "{9D7DFCE4-1B13-4DFB-8010-9DBD6E224A15}"
EndProject
Project("{FAE04EC0-301F-11D3-BF4B-00C04F79EFBC}") = "LambdaTests", "LambdaTests\LambdaTests.csproj", "{C3CC7181-74E4-40B1-9A59-65784338CE59}"
EndProject
Global
	GlobalSection(SolutionConfigurationPlatforms) = preSolution
		Debug|Any CPU = Debug|Any CPU
		Release|Any CPU = Release|Any CPU
	EndGlobalSection
	GlobalSection(ProjectConfigurationPlatforms) = postSolution
		{503DB416-0112-4E15-889C-2A4C7B52D128}.Debug|Any CPU.ActiveCfg = Debug|Any CPU
		{503DB416-0112-4E15-889C-2A4C7B52D128}.Debug|Any CPU.Build.0 = Debug|Any CPU
		{503DB416-0112-4E15-889C-2A4C7B52D128}.Release|Any CPU.ActiveCfg = Release|Any CPU
		{503DB416-0112-4E15-889C-2A4C7B52D128}.Release|Any CPU.Build.0 = Release|Any CPU
		{9D7DFCE4-1B13-4DFB-8010-9DBD6E224A15}.Debug|Any CPU.ActiveCfg = Debug|Any CPU
		{9D7DFCE4-1B13-4DFB-8010-9DBD6E224A15}.Debug|Any CPU.Build.0 = Debug|Any CPU
		{9D7DFCE4-1B13-4DFB-8010-9DBD6E224A15}.Release|Any CPU.ActiveCfg = Release|Any CPU
		{9D7DFCE4-1B13-4DFB-8010-9DBD6E224A15}.Release|Any CPU.Build.0 = Release|Any CPU
		{C3CC7181-74E4-40B1-9A59-65784338CE59}.Debug|Any CPU.ActiveCfg = Debug|Any CPU
		{C3CC7181-74E4-40B1-9A59-65784338CE59}.Debug|Any CPU.Build.0 = Debug|Any CPU
		{C3CC7181-74E4-40B1-9A59-65784338CE59}.Release|Any CPU.ActiveCfg = Release|Any CPU
		{C3CC7181-74E4-40B1-9A59-65784338CE59}.Release|Any CPU.Build.0 = Release|Any CPU
	EndGlobalSection
	GlobalSection(SolutionProperties) = preSolution
		HideSolutionNode = FALSE
	EndGlobalSection
	GlobalSection(ExtensibilityGlobals) = postSolution
		SolutionGuid = {5059C748-FE00-4670-A102-D2E501F67AD5}
	EndGlobalSection
EndGlobal
